
Microsoft Visual Studio Solution File, Format Version 12.00
# Visual Studio Version 17
VisualStudioVersion = 17.11.35219.272
MinimumVisualStudioVersion = 10.0.40219.1
Project("{FAE04EC0-301F-11D3-BF4B-00C04F79EFBC}") = "LinqExemplo01", "LinqExemplo01.csproj", "{EBCCD74C-C8B8-4E0F-ABEF-D2D400D0826E}"
EndProject
Global
	GlobalSection(SolutionConfigurationPlatforms) = preSolution
		Debug|Any CPU = Debug|Any CPU
		Release|Any CPU = Release|Any CPU
	EndGlobalSection
	GlobalSection(ProjectConfigurationPlatforms) = postSolution
		{EBCCD74C-C8B8-4E0F-ABEF-D2D400D0826E}.Debug|Any CPU.ActiveCfg = Debug|Any CPU
		{EBCCD74C-C8B8-4E0F-ABEF-D2D400D0826E}.Debug|Any CPU.Build.0 = Debug|Any CPU
		{EBCCD74C-C8B8-4E0F-ABEF-D2D400D0826E}.Release|Any CPU.ActiveCfg = Release|Any CPU
		{EBCCD74C-C8B8-4E0F-ABEF-D2D400D0826E}.Release|Any CPU.Build.0 = Release|Any CPU
	EndGlobalSection
	GlobalSection(SolutionProperties) = preSolution
		HideSolutionNode = FALSE
	EndGlobalSection
	GlobalSection(ExtensibilityGlobals) = postSolution
		SolutionGuid = {24091A3D-05FF-4708-B8B2-07BF22804052}
	EndGlobalSection
EndGlobal
