
Microsoft Visual Studio Solution File, Format Version 12.00
# Visual Studio Version 17
VisualStudioVersion = 17.11.35219.272
MinimumVisualStudioVersion = 10.0.40219.1
Project("{FAE04EC0-301F-11D3-BF4B-00C04F79EFBC}") = "Generics_exemplo02", "Generics_exemplo02.csproj", "{D8F1E093-FAB8-49B1-8155-6EFA046A663C}"
EndProject
Global
	GlobalSection(SolutionConfigurationPlatforms) = preSolution
		Debug|Any CPU = Debug|Any CPU
		Release|Any CPU = Release|Any CPU
	EndGlobalSection
	GlobalSection(ProjectConfigurationPlatforms) = postSolution
		{D8F1E093-FAB8-49B1-8155-6EFA046A663C}.Debug|Any CPU.ActiveCfg = Debug|Any CPU
		{D8F1E093-FAB8-49B1-8155-6EFA046A663C}.Debug|Any CPU.Build.0 = Debug|Any CPU
		{D8F1E093-FAB8-49B1-8155-6EFA046A663C}.Release|Any CPU.ActiveCfg = Release|Any CPU
		{D8F1E093-FAB8-49B1-8155-6EFA046A663C}.Release|Any CPU.Build.0 = Release|Any CPU
	EndGlobalSection
	GlobalSection(SolutionProperties) = preSolution
		HideSolutionNode = FALSE
	EndGlobalSection
	GlobalSection(ExtensibilityGlobals) = postSolution
		SolutionGuid = {C605C5A6-1433-484D-AEAB-458A94FA181E}
	EndGlobalSection
EndGlobal
