
Microsoft Visual Studio Solution File, Format Version 12.00
# Visual Studio Version 17
VisualStudioVersion = 17.11.35219.272
MinimumVisualStudioVersion = 10.0.40219.1
Project("{FAE04EC0-301F-11D3-BF4B-00C04F79EFBC}") = "RentalCar_com_interface", "RentalCar_com_interface.csproj", "{B5DF61AF-A79F-4EF2-B610-19C1F9D9A78E}"
EndProject
Global
	GlobalSection(SolutionConfigurationPlatforms) = preSolution
		Debug|Any CPU = Debug|Any CPU
		Release|Any CPU = Release|Any CPU
	EndGlobalSection
	GlobalSection(ProjectConfigurationPlatforms) = postSolution
		{B5DF61AF-A79F-4EF2-B610-19C1F9D9A78E}.Debug|Any CPU.ActiveCfg = Debug|Any CPU
		{B5DF61AF-A79F-4EF2-B610-19C1F9D9A78E}.Debug|Any CPU.Build.0 = Debug|Any CPU
		{B5DF61AF-A79F-4EF2-B610-19C1F9D9A78E}.Release|Any CPU.ActiveCfg = Release|Any CPU
		{B5DF61AF-A79F-4EF2-B610-19C1F9D9A78E}.Release|Any CPU.Build.0 = Release|Any CPU
	EndGlobalSection
	GlobalSection(SolutionProperties) = preSolution
		HideSolutionNode = FALSE
	EndGlobalSection
	GlobalSection(ExtensibilityGlobals) = postSolution
		SolutionGuid = {430B264B-3350-4C2B-930E-65D03006EC6A}
	EndGlobalSection
EndGlobal
