
Microsoft Visual Studio Solution File, Format Version 12.00
# Visual Studio Version 17
VisualStudioVersion = 17.11.35219.272
MinimumVisualStudioVersion = 10.0.40219.1
Project("{FAE04EC0-301F-11D3-BF4B-00C04F79EFBC}") = "LinqExemploProductCategory", "LinqExemploProductCategory.csproj", "{FFDC0A27-619C-409F-A3D1-231850D3E0F4}"
EndProject
Global
	GlobalSection(SolutionConfigurationPlatforms) = preSolution
		Debug|Any CPU = Debug|Any CPU
		Release|Any CPU = Release|Any CPU
	EndGlobalSection
	GlobalSection(ProjectConfigurationPlatforms) = postSolution
		{FFDC0A27-619C-409F-A3D1-231850D3E0F4}.Debug|Any CPU.ActiveCfg = Debug|Any CPU
		{FFDC0A27-619C-409F-A3D1-231850D3E0F4}.Debug|Any CPU.Build.0 = Debug|Any CPU
		{FFDC0A27-619C-409F-A3D1-231850D3E0F4}.Release|Any CPU.ActiveCfg = Release|Any CPU
		{FFDC0A27-619C-409F-A3D1-231850D3E0F4}.Release|Any CPU.Build.0 = Release|Any CPU
	EndGlobalSection
	GlobalSection(SolutionProperties) = preSolution
		HideSolutionNode = FALSE
	EndGlobalSection
	GlobalSection(ExtensibilityGlobals) = postSolution
		SolutionGuid = {C242253E-D5E4-4E5A-8B3E-9578B317F4C9}
	EndGlobalSection
EndGlobal
